
Microsoft Visual Studio Solution File, Format Version 12.00
# Visual Studio Version 17
VisualStudioVersion = 17.5.33424.131
MinimumVisualStudioVersion = 10.0.40219.1
Project("{2150E333-8FDC-42A3-9474-1A3956D46DE8}") = "src", "src", "{EBC8E2B0-9A0D-45C3-89E3-446BDFCBCD12}"
EndProject
Project("{2150E333-8FDC-42A3-9474-1A3956D46DE8}") = "tests", "tests", "{A561FD6F-9A5C-47D3-91CA-4C0434C6C29E}"
EndProject
Project("{9A19103F-16F7-4668-BE54-9A1E7A4F7556}") = "FC.Codeflix.Catalog.UnitTests", "tests\FC.Codeflix.Catalog.UnitTests\FC.Codeflix.Catalog.UnitTests\FC.Codeflix.Catalog.UnitTests.csproj", "{99BDBEFF-3F3E-4E0C-B931-C4DC9719D0B0}"
EndProject
Project("{FAE04EC0-301F-11D3-BF4B-00C04F79EFBC}") = "FC.Codeflix.Catalog.Domain", "src\FC.Codeflix.Catalog.Domain\FC.Codeflix.Catalog.Domain.csproj", "{C44B32BA-DA8A-4603-8AA2-F31F08461196}"
EndProject
Global
	GlobalSection(SolutionConfigurationPlatforms) = preSolution
		Debug|Any CPU = Debug|Any CPU
		Release|Any CPU = Release|Any CPU
	EndGlobalSection
	GlobalSection(ProjectConfigurationPlatforms) = postSolution
		{99BDBEFF-3F3E-4E0C-B931-C4DC9719D0B0}.Debug|Any CPU.ActiveCfg = Debug|Any CPU
		{99BDBEFF-3F3E-4E0C-B931-C4DC9719D0B0}.Debug|Any CPU.Build.0 = Debug|Any CPU
		{99BDBEFF-3F3E-4E0C-B931-C4DC9719D0B0}.Release|Any CPU.ActiveCfg = Release|Any CPU
		{99BDBEFF-3F3E-4E0C-B931-C4DC9719D0B0}.Release|Any CPU.Build.0 = Release|Any CPU
		{C44B32BA-DA8A-4603-8AA2-F31F08461196}.Debug|Any CPU.ActiveCfg = Debug|Any CPU
		{C44B32BA-DA8A-4603-8AA2-F31F08461196}.Debug|Any CPU.Build.0 = Debug|Any CPU
		{C44B32BA-DA8A-4603-8AA2-F31F08461196}.Release|Any CPU.ActiveCfg = Release|Any CPU
		{C44B32BA-DA8A-4603-8AA2-F31F08461196}.Release|Any CPU.Build.0 = Release|Any CPU
	EndGlobalSection
	GlobalSection(SolutionProperties) = preSolution
		HideSolutionNode = FALSE
	EndGlobalSection
	GlobalSection(NestedProjects) = preSolution
		{99BDBEFF-3F3E-4E0C-B931-C4DC9719D0B0} = {A561FD6F-9A5C-47D3-91CA-4C0434C6C29E}
		{C44B32BA-DA8A-4603-8AA2-F31F08461196} = {EBC8E2B0-9A0D-45C3-89E3-446BDFCBCD12}
	EndGlobalSection
	GlobalSection(ExtensibilityGlobals) = postSolution
		SolutionGuid = {2EC8AF5A-B808-4654-8D29-169C8EFA362E}
	EndGlobalSection
EndGlobal
